
Microsoft Visual Studio Solution File, Format Version 12.00
# Visual Studio Version 17
VisualStudioVersion = 17.8.34330.188
MinimumVisualStudioVersion = 10.0.40219.1
Project("{FAE04EC0-301F-11D3-BF4B-00C04F79EFBC}") = "BDViewer", "BDViewer\BDViewer.csproj", "{6FE9FFDA-462F-4984-931C-B86A62B493B8}"
EndProject
Global
	GlobalSection(SolutionConfigurationPlatforms) = preSolution
		Debug|Any CPU = Debug|Any CPU
		Release|Any CPU = Release|Any CPU
	EndGlobalSection
	GlobalSection(ProjectConfigurationPlatforms) = postSolution
		{6FE9FFDA-462F-4984-931C-B86A62B493B8}.Debug|Any CPU.ActiveCfg = Debug|Any CPU
		{6FE9FFDA-462F-4984-931C-B86A62B493B8}.Debug|Any CPU.Build.0 = Debug|Any CPU
		{6FE9FFDA-462F-4984-931C-B86A62B493B8}.Release|Any CPU.ActiveCfg = Release|Any CPU
		{6FE9FFDA-462F-4984-931C-B86A62B493B8}.Release|Any CPU.Build.0 = Release|Any CPU
	EndGlobalSection
	GlobalSection(SolutionProperties) = preSolution
		HideSolutionNode = FALSE
	EndGlobalSection
	GlobalSection(ExtensibilityGlobals) = postSolution
		SolutionGuid = {D1A16BC9-2999-4D24-A3E0-55BD0A4CDFDF}
	EndGlobalSection
EndGlobal
